{
  "name": "CMS",
  "lockfileVersion": 2,
  "requires": true,
  "packages": {
    "": {
      "dependencies": {
        "svelte-app": "^1.0.0"
      }
    },
    "node_modules/svelte-app": {
      "version": "1.0.0",
      "resolved": "https://registry.npmjs.org/svelte-app/-/svelte-app-1.0.0.tgz",
      "integrity": "sha512-y+5yFbQlHrYa47Wf6GJ/IRbxx8qmzY2CGxGyklpor9aJ1OGLwZEPlvko2vq1JZ0/d2v+r9U5Sy0sNdkHipM7+A==",
      "deprecated": "Package no longer supported. Contact support@npmjs.com for more info."
    }
  },
  "dependencies": {
    "svelte-app": {
      "version": "1.0.0",
      "resolved": "https://registry.npmjs.org/svelte-app/-/svelte-app-1.0.0.tgz",
      "integrity": "sha512-y+5yFbQlHrYa47Wf6GJ/IRbxx8qmzY2CGxGyklpor9aJ1OGLwZEPlvko2vq1JZ0/d2v+r9U5Sy0sNdkHipM7+A=="
    }
  }
}
